
Microsoft Visual Studio Solution File, Format Version 12.00
Project("{FAE04EC0-301F-11D3-BF4B-00C04F79EFBC}") = "Glint.HttpApi", "src\Glint.HttpApi\Glint.HttpApi.csproj", "{E93B2B51-AA74-4D78-B0BD-42FE01CBB147}"
EndProject
Project("{FAE04EC0-301F-11D3-BF4B-00C04F79EFBC}") = "Glint.MediaWorker", "src\Glint.MediaWorker\Glint.MediaWorker.csproj", "{2CB63E1D-0AF4-41F5-B11F-6ECDBEF12AEC}"
EndProject
Project("{FAE04EC0-301F-11D3-BF4B-00C04F79EFBC}") = "Glint.Domain", "src\Glint.Domain\Glint.Domain.csproj", "{39F4A1E8-D440-465D-9432-40EE79BD1D96}"
EndProject
Project("{FAE04EC0-301F-11D3-BF4B-00C04F79EFBC}") = "Glint.Application", "src\Glint.Application\Glint.Application.csproj", "{E2FC5767-78D9-491D-A372-8F96AE2459FE}"
EndProject
Project("{FAE04EC0-301F-11D3-BF4B-00C04F79EFBC}") = "Glint.Infrastructure", "src\Glint.Infrastructure\Glint.Infrastructure.csproj", "{C229703D-4939-4574-A00B-EB82350CB09F}"
EndProject
Project("{2150E333-8FDC-42A3-9474-1A3956D46DE8}") = "Hosts", "Hosts", "{E393887E-1EDF-4B66-A173-94C864A58E9E}"
EndProject
Project("{2150E333-8FDC-42A3-9474-1A3956D46DE8}") = "src", "src", "{0559C1D9-143F-4EE3-87D2-A0A72F5B818C}"
EndProject
Project("{2150E333-8FDC-42A3-9474-1A3956D46DE8}") = "Core", "Core", "{B97BB547-BC1C-4C93-8B82-A24657DB6E17}"
EndProject
Global
	GlobalSection(SolutionConfigurationPlatforms) = preSolution
		Debug|Any CPU = Debug|Any CPU
		Release|Any CPU = Release|Any CPU
	EndGlobalSection
	GlobalSection(ProjectConfigurationPlatforms) = postSolution
		{E93B2B51-AA74-4D78-B0BD-42FE01CBB147}.Debug|Any CPU.ActiveCfg = Debug|Any CPU
		{E93B2B51-AA74-4D78-B0BD-42FE01CBB147}.Debug|Any CPU.Build.0 = Debug|Any CPU
		{E93B2B51-AA74-4D78-B0BD-42FE01CBB147}.Release|Any CPU.ActiveCfg = Release|Any CPU
		{E93B2B51-AA74-4D78-B0BD-42FE01CBB147}.Release|Any CPU.Build.0 = Release|Any CPU
		{2CB63E1D-0AF4-41F5-B11F-6ECDBEF12AEC}.Debug|Any CPU.ActiveCfg = Debug|Any CPU
		{2CB63E1D-0AF4-41F5-B11F-6ECDBEF12AEC}.Debug|Any CPU.Build.0 = Debug|Any CPU
		{2CB63E1D-0AF4-41F5-B11F-6ECDBEF12AEC}.Release|Any CPU.ActiveCfg = Release|Any CPU
		{2CB63E1D-0AF4-41F5-B11F-6ECDBEF12AEC}.Release|Any CPU.Build.0 = Release|Any CPU
		{39F4A1E8-D440-465D-9432-40EE79BD1D96}.Debug|Any CPU.ActiveCfg = Debug|Any CPU
		{39F4A1E8-D440-465D-9432-40EE79BD1D96}.Debug|Any CPU.Build.0 = Debug|Any CPU
		{39F4A1E8-D440-465D-9432-40EE79BD1D96}.Release|Any CPU.ActiveCfg = Release|Any CPU
		{39F4A1E8-D440-465D-9432-40EE79BD1D96}.Release|Any CPU.Build.0 = Release|Any CPU
		{E2FC5767-78D9-491D-A372-8F96AE2459FE}.Debug|Any CPU.ActiveCfg = Debug|Any CPU
		{E2FC5767-78D9-491D-A372-8F96AE2459FE}.Debug|Any CPU.Build.0 = Debug|Any CPU
		{E2FC5767-78D9-491D-A372-8F96AE2459FE}.Release|Any CPU.ActiveCfg = Release|Any CPU
		{E2FC5767-78D9-491D-A372-8F96AE2459FE}.Release|Any CPU.Build.0 = Release|Any CPU
		{C229703D-4939-4574-A00B-EB82350CB09F}.Debug|Any CPU.ActiveCfg = Debug|Any CPU
		{C229703D-4939-4574-A00B-EB82350CB09F}.Debug|Any CPU.Build.0 = Debug|Any CPU
		{C229703D-4939-4574-A00B-EB82350CB09F}.Release|Any CPU.ActiveCfg = Release|Any CPU
		{C229703D-4939-4574-A00B-EB82350CB09F}.Release|Any CPU.Build.0 = Release|Any CPU
	EndGlobalSection
	GlobalSection(NestedProjects) = preSolution
		{2CB63E1D-0AF4-41F5-B11F-6ECDBEF12AEC} = {E393887E-1EDF-4B66-A173-94C864A58E9E}
		{E93B2B51-AA74-4D78-B0BD-42FE01CBB147} = {E393887E-1EDF-4B66-A173-94C864A58E9E}
		{E393887E-1EDF-4B66-A173-94C864A58E9E} = {0559C1D9-143F-4EE3-87D2-A0A72F5B818C}
		{B97BB547-BC1C-4C93-8B82-A24657DB6E17} = {0559C1D9-143F-4EE3-87D2-A0A72F5B818C}
		{E2FC5767-78D9-491D-A372-8F96AE2459FE} = {B97BB547-BC1C-4C93-8B82-A24657DB6E17}
		{39F4A1E8-D440-465D-9432-40EE79BD1D96} = {B97BB547-BC1C-4C93-8B82-A24657DB6E17}
		{C229703D-4939-4574-A00B-EB82350CB09F} = {B97BB547-BC1C-4C93-8B82-A24657DB6E17}
	EndGlobalSection
EndGlobal
